sdk: ^2.0.0-alpha.145
prefixes:
  certificate_roots: toit-cert-roots
  http: pkg-http
packages:
  pkg-http:
    url: github.com/toitlang/pkg-http
    name: http
    version: 2.8.0
    hash: 81754d64fe466cd00cc494ec515da8749bf04975
  toit-cert-roots:
    url: github.com/toitware/toit-cert-roots
    name: certificate_roots
    version: 1.6.2
    hash: cfa85ca31b136a99654674b3ada80d4c0ed9b791
